
Microsoft Visual Studio Solution File, Format Version 12.00
# Visual Studio 2013
VisualStudioVersion = 12.0.21005.1
MinimumVisualStudioVersion = 10.0.40219.1
Project("{FAE04EC0-301F-11D3-BF4B-00C04F79EFBC}") = "POMOST Lite", "POMOST Lite\POMOST Lite.csproj", "{A449CED0-186C-44A5-BC05-208D8F7862D1}"
EndProject
Project("{E24C65DC-7377-472B-9ABA-BC803B73C61A}") = "WebForm(4)", "http://localhost:49286", "{BFF4CC8D-8912-4C86-828C-6433DF65D37E}"
	ProjectSection(WebsiteProperties) = preProject
		UseIISExpress = "true"
		TargetFrameworkMoniker = ".NETFramework,Version%3Dv4.5"
		Debug.AspNetCompiler.VirtualPath = "/localhost_49286"
		Debug.AspNetCompiler.PhysicalPath = "POMOST Lite\WebForm\"
		Debug.AspNetCompiler.TargetPath = "PrecompiledWeb\localhost_49286\"
		Debug.AspNetCompiler.Updateable = "true"
		Debug.AspNetCompiler.ForceOverwrite = "true"
		Debug.AspNetCompiler.FixedNames = "false"
		Debug.AspNetCompiler.Debug = "True"
		Release.AspNetCompiler.VirtualPath = "/localhost_49286"
		Release.AspNetCompiler.PhysicalPath = "POMOST Lite\WebForm\"
		Release.AspNetCompiler.TargetPath = "PrecompiledWeb\localhost_49286\"
		Release.AspNetCompiler.Updateable = "true"
		Release.AspNetCompiler.ForceOverwrite = "true"
		Release.AspNetCompiler.FixedNames = "false"
		Release.AspNetCompiler.Debug = "False"
		SlnRelativePath = "POMOST Lite\WebForm\"
		DefaultWebSiteLanguage = "Visual C#"
	EndProjectSection
EndProject
Global
	GlobalSection(SolutionConfigurationPlatforms) = preSolution
		Debug|Any CPU = Debug|Any CPU
		Release|Any CPU = Release|Any CPU
	EndGlobalSection
	GlobalSection(ProjectConfigurationPlatforms) = postSolution
		{A449CED0-186C-44A5-BC05-208D8F7862D1}.Debug|Any CPU.ActiveCfg = Debug|Any CPU
		{A449CED0-186C-44A5-BC05-208D8F7862D1}.Debug|Any CPU.Build.0 = Debug|Any CPU
		{A449CED0-186C-44A5-BC05-208D8F7862D1}.Release|Any CPU.ActiveCfg = Release|Any CPU
		{A449CED0-186C-44A5-BC05-208D8F7862D1}.Release|Any CPU.Build.0 = Release|Any CPU
		{BFF4CC8D-8912-4C86-828C-6433DF65D37E}.Debug|Any CPU.ActiveCfg = Debug|Any CPU
		{BFF4CC8D-8912-4C86-828C-6433DF65D37E}.Debug|Any CPU.Build.0 = Debug|Any CPU
		{BFF4CC8D-8912-4C86-828C-6433DF65D37E}.Release|Any CPU.ActiveCfg = Debug|Any CPU
		{BFF4CC8D-8912-4C86-828C-6433DF65D37E}.Release|Any CPU.Build.0 = Debug|Any CPU
	EndGlobalSection
	GlobalSection(SolutionProperties) = preSolution
		HideSolutionNode = FALSE
	EndGlobalSection
EndGlobal
